// !$*UTF8*$!
{
	archiveVersion = 1;
	classes = {
	};
	objectVersion = 56;
	objects = {

/* Begin PBXBuildFile section */
		BD12E9A02A7ABFFD00D60BD2 /* calculatorApp.swift in Sources */ = {isa = PBXBuildFile; fileRef = BD12E99F2A7ABFFD00D60BD2 /* calculatorApp.swift */; };
		BD12E9A22A7ABFFD00D60BD2 /* MainView.swift in Sources */ = {isa = PBXBuildFile; fileRef = BD12E9A12A7ABFFD00D60BD2 /* MainView.swift */; };
		BD12E9A42A7ABFFE00D60BD2 /* Assets.xcassets in Resources */ = {isa = PBXBuildFile; fileRef = BD12E9A32A7ABFFE00D60BD2 /* Assets.xcassets */; };
		BD12E9A72A7ABFFE00D60BD2 /* Preview Assets.xcassets in Resources */ = {isa = PBXBuildFile; fileRef = BD12E9A62A7ABFFE00D60BD2 /* Preview Assets.xcassets */; };
		BD12E9B12A7ABFFE00D60BD2 /* calculatorTests.swift in Sources */ = {isa = PBXBuildFile; fileRef = BD12E9B02A7ABFFE00D60BD2 /* calculatorTests.swift */; };
		BD12E9BB2A7ABFFE00D60BD2 /* calculatorUITests.swift in Sources */ = {isa = PBXBuildFile; fileRef = BD12E9BA2A7ABFFE00D60BD2 /* calculatorUITests.swift */; };
		BD12E9BD2A7ABFFE00D60BD2 /* calculatorUITestsLaunchTests.swift in Sources */ = {isa = PBXBuildFile; fileRef = BD12E9BC2A7ABFFE00D60BD2 /* calculatorUITestsLaunchTests.swift */; };
		BD12E9CC2A7AC4F100D60BD2 /* ButtonsView.swift in Sources */ = {isa = PBXBuildFile; fileRef = BD12E9CB2A7AC4F100D60BD2 /* ButtonsView.swift */; };
		BD12E9D22A7AC98700D60BD2 /* ButtonView.swift in Sources */ = {isa = PBXBuildFile; fileRef = BD12E9D12A7AC98700D60BD2 /* ButtonView.swift */; };
		BD12E9D42A7ACB6100D60BD2 /* NumberText.swift in Sources */ = {isa = PBXBuildFile; fileRef = BD12E9D32A7ACB6100D60BD2 /* NumberText.swift */; };
		BD12E9D62A7B0EB400D60BD2 /* ClearButtonView.swift in Sources */ = {isa = PBXBuildFile; fileRef = BD12E9D52A7B0EB400D60BD2 /* ClearButtonView.swift */; };
		BD309AD82A895AF700B698D1 /* SubtractButtonView.swift in Sources */ = {isa = PBXBuildFile; fileRef = BD309AD72A895AF700B698D1 /* SubtractButtonView.swift */; };
		BD309ADA2A89649C00B698D1 /* EqualButtonView.swift in Sources */ = {isa = PBXBuildFile; fileRef = BD309AD92A89649C00B698D1 /* EqualButtonView.swift */; };
		BD309ADE2A8973DA00B698D1 /* Operation.swift in Sources */ = {isa = PBXBuildFile; fileRef = BD309ADD2A8973DA00B698D1 /* Operation.swift */; };
		BD309AE02A897B9D00B698D1 /* ButtonOutput.swift in Sources */ = {isa = PBXBuildFile; fileRef = BD309ADF2A897B9D00B698D1 /* ButtonOutput.swift */; };
		BD309AE22A897DA600B698D1 /* CButtonView.swift in Sources */ = {isa = PBXBuildFile; fileRef = BD309AE12A897DA600B698D1 /* CButtonView.swift */; };
		BD309AE42A89A5A500B698D1 /* MultplicationView.swift in Sources */ = {isa = PBXBuildFile; fileRef = BD309AE32A89A5A500B698D1 /* MultplicationView.swift */; };
		BD309AE62A89A70100B698D1 /* DivisionView.swift in Sources */ = {isa = PBXBuildFile; fileRef = BD309AE52A89A70100B698D1 /* DivisionView.swift */; };
		BD8931942A81BA2E00F4F829 /* PlusButtonView.swift in Sources */ = {isa = PBXBuildFile; fileRef = BD8931932A81BA2E00F4F829 /* PlusButtonView.swift */; };
/* End PBXBuildFile section */

/* Begin PBXContainerItemProxy section */
		BD12E9AD2A7ABFFE00D60BD2 /* PBXContainerItemProxy */ = {
			isa = PBXContainerItemProxy;
			containerPortal = BD12E9942A7ABFFD00D60BD2 /* Project object */;
			proxyType = 1;
			remoteGlobalIDString = BD12E99B2A7ABFFD00D60BD2;
			remoteInfo = calculator;
		};
		BD12E9B72A7ABFFE00D60BD2 /* PBXContainerItemProxy */ = {
			isa = PBXContainerItemProxy;
			containerPortal = BD12E9942A7ABFFD00D60BD2 /* Project object */;
			proxyType = 1;
			remoteGlobalIDString = BD12E99B2A7ABFFD00D60BD2;
			remoteInfo = calculator;
		};
/* End PBXContainerItemProxy section */

/* Begin PBXFileReference section */
		BD12E99C2A7ABFFD00D60BD2 /* calculator.app */ = {isa = PBXFileReference; explicitFileType = wrapper.application; includeInIndex = 0; path = calculator.app; sourceTree = BUILT_PRODUCTS_DIR; };
		BD12E99F2A7ABFFD00D60BD2 /* calculatorApp.swift */ = {isa = PBXFileReference; lastKnownFileType = sourcecode.swift; path = calculatorApp.swift; sourceTree = "<group>"; };
		BD12E9A12A7ABFFD00D60BD2 /* MainView.swift */ = {isa = PBXFileReference; lastKnownFileType = sourcecode.swift; path = MainView.swift; sourceTree = "<group>"; };
		BD12E9A32A7ABFFE00D60BD2 /* Assets.xcassets */ = {isa = PBXFileReference; lastKnownFileType = folder.assetcatalog; path = Assets.xcassets; sourceTree = "<group>"; };
		BD12E9A62A7ABFFE00D60BD2 /* Preview Assets.xcassets */ = {isa = PBXFileReference; lastKnownFileType = folder.assetcatalog; path = "Preview Assets.xcassets"; sourceTree = "<group>"; };
		BD12E9AC2A7ABFFE00D60BD2 /* calculatorTests.xctest */ = {isa = PBXFileReference; explicitFileType = wrapper.cfbundle; includeInIndex = 0; path = calculatorTests.xctest; sourceTree = BUILT_PRODUCTS_DIR; };
		BD12E9B02A7ABFFE00D60BD2 /* calculatorTests.swift */ = {isa = PBXFileReference; lastKnownFileType = sourcecode.swift; path = calculatorTests.swift; sourceTree = "<group>"; };
		BD12E9B62A7ABFFE00D60BD2 /* calculatorUITests.xctest */ = {isa = PBXFileReference; explicitFileType = wrapper.cfbundle; includeInIndex = 0; path = calculatorUITests.xctest; sourceTree = BUILT_PRODUCTS_DIR; };
		BD12E9BA2A7ABFFE00D60BD2 /* calculatorUITests.swift */ = {isa = PBXFileReference; lastKnownFileType = sourcecode.swift; path = calculatorUITests.swift; sourceTree = "<group>"; };
		BD12E9BC2A7ABFFE00D60BD2 /* calculatorUITestsLaunchTests.swift */ = {isa = PBXFileReference; lastKnownFileType = sourcecode.swift; path = calculatorUITestsLaunchTests.swift; sourceTree = "<group>"; };
		BD12E9CB2A7AC4F100D60BD2 /* ButtonsView.swift */ = {isa = PBXFileReference; lastKnownFileType = sourcecode.swift; path = ButtonsView.swift; sourceTree = "<group>"; };
		BD12E9D12A7AC98700D60BD2 /* ButtonView.swift */ = {isa = PBXFileReference; lastKnownFileType = sourcecode.swift; path = ButtonView.swift; sourceTree = "<group>"; };
		BD12E9D32A7ACB6100D60BD2 /* NumberText.swift */ = {isa = PBXFileReference; lastKnownFileType = sourcecode.swift; path = NumberText.swift; sourceTree = "<group>"; };
		BD12E9D52A7B0EB400D60BD2 /* ClearButtonView.swift */ = {isa = PBXFileReference; lastKnownFileType = sourcecode.swift; path = ClearButtonView.swift; sourceTree = "<group>"; };
		BD309AD72A895AF700B698D1 /* SubtractButtonView.swift */ = {isa = PBXFileReference; lastKnownFileType = sourcecode.swift; path = SubtractButtonView.swift; sourceTree = "<group>"; };
		BD309AD92A89649C00B698D1 /* EqualButtonView.swift */ = {isa = PBXFileReference; lastKnownFileType = sourcecode.swift; path = EqualButtonView.swift; sourceTree = "<group>"; };
		BD309ADD2A8973DA00B698D1 /* Operation.swift */ = {isa = PBXFileReference; lastKnownFileType = sourcecode.swift; path = Operation.swift; sourceTree = "<group>"; };
		BD309ADF2A897B9D00B698D1 /* ButtonOutput.swift */ = {isa = PBXFileReference; lastKnownFileType = sourcecode.swift; path = ButtonOutput.swift; sourceTree = "<group>"; };
		BD309AE12A897DA600B698D1 /* CButtonView.swift */ = {isa = PBXFileReference; lastKnownFileType = sourcecode.swift; path = CButtonView.swift; sourceTree = "<group>"; };
		BD309AE32A89A5A500B698D1 /* MultplicationView.swift */ = {isa = PBXFileReference; lastKnownFileType = sourcecode.swift; path = MultplicationView.swift; sourceTree = "<group>"; };
		BD309AE52A89A70100B698D1 /* DivisionView.swift */ = {isa = PBXFileReference; lastKnownFileType = sourcecode.swift; path = DivisionView.swift; sourceTree = "<group>"; };
		BD8931932A81BA2E00F4F829 /* PlusButtonView.swift */ = {isa = PBXFileReference; lastKnownFileType = sourcecode.swift; path = PlusButtonView.swift; sourceTree = "<group>"; };
/* End PBXFileReference section */

/* Begin PBXFrameworksBuildPhase section */
		BD12E9992A7ABFFD00D60BD2 /* Frameworks */ = {
			isa = PBXFrameworksBuildPhase;
			buildActionMask = 2147483647;
			files = (
			);
			runOnlyForDeploymentPostprocessing = 0;
		};
		BD12E9A92A7ABFFE00D60BD2 /* Frameworks */ = {
			isa = PBXFrameworksBuildPhase;
			buildActionMask = 2147483647;
			files = (
			);
			runOnlyForDeploymentPostprocessing = 0;
		};
		BD12E9B32A7ABFFE00D60BD2 /* Frameworks */ = {
			isa = PBXFrameworksBuildPhase;
			buildActionMask = 2147483647;
			files = (
			);
			runOnlyForDeploymentPostprocessing = 0;
		};
/* End PBXFrameworksBuildPhase section */

/* Begin PBXGroup section */
		BD12E9932A7ABFFD00D60BD2 = {
			isa = PBXGroup;
			children = (
				BD12E99E2A7ABFFD00D60BD2 /* calculator */,
				BD12E9AF2A7ABFFE00D60BD2 /* calculatorTests */,
				BD12E9B92A7ABFFE00D60BD2 /* calculatorUITests */,
				BD12E99D2A7ABFFD00D60BD2 /* Products */,
			);
			sourceTree = "<group>";
		};
		BD12E99D2A7ABFFD00D60BD2 /* Products */ = {
			isa = PBXGroup;
			children = (
				BD12E99C2A7ABFFD00D60BD2 /* calculator.app */,
				BD12E9AC2A7ABFFE00D60BD2 /* calculatorTests.xctest */,
				BD12E9B62A7ABFFE00D60BD2 /* calculatorUITests.xctest */,
			);
			name = Products;
			sourceTree = "<group>";
		};
		BD12E99E2A7ABFFD00D60BD2 /* calculator */ = {
			isa = PBXGroup;
			children = (
				BD12E9CA2A7AC4A000D60BD2 /* Models */,
				BD12E9C92A7AC49400D60BD2 /* Views */,
				BD12E99F2A7ABFFD00D60BD2 /* calculatorApp.swift */,
				BD12E9A32A7ABFFE00D60BD2 /* Assets.xcassets */,
				BD12E9A52A7ABFFE00D60BD2 /* Preview Content */,
			);
			path = calculator;
			sourceTree = "<group>";
		};
		BD12E9A52A7ABFFE00D60BD2 /* Preview Content */ = {
			isa = PBXGroup;
			children = (
				BD12E9A62A7ABFFE00D60BD2 /* Preview Assets.xcassets */,
			);
			path = "Preview Content";
			sourceTree = "<group>";
		};
		BD12E9AF2A7ABFFE00D60BD2 /* calculatorTests */ = {
			isa = PBXGroup;
			children = (
				BD12E9B02A7ABFFE00D60BD2 /* calculatorTests.swift */,
			);
			path = calculatorTests;
			sourceTree = "<group>";
		};
		BD12E9B92A7ABFFE00D60BD2 /* calculatorUITests */ = {
			isa = PBXGroup;
			children = (
				BD12E9BA2A7ABFFE00D60BD2 /* calculatorUITests.swift */,
				BD12E9BC2A7ABFFE00D60BD2 /* calculatorUITestsLaunchTests.swift */,
			);
			path = calculatorUITests;
			sourceTree = "<group>";
		};
		BD12E9C92A7AC49400D60BD2 /* Views */ = {
			isa = PBXGroup;
			children = (
				BD12E9A12A7ABFFD00D60BD2 /* MainView.swift */,
				BD12E9CB2A7AC4F100D60BD2 /* ButtonsView.swift */,
				BD12E9D12A7AC98700D60BD2 /* ButtonView.swift */,
				BD12E9D52A7B0EB400D60BD2 /* ClearButtonView.swift */,
				BD8931932A81BA2E00F4F829 /* PlusButtonView.swift */,
				BD309AD72A895AF700B698D1 /* SubtractButtonView.swift */,
				BD309AD92A89649C00B698D1 /* EqualButtonView.swift */,
				BD309AE12A897DA600B698D1 /* CButtonView.swift */,
				BD309AE32A89A5A500B698D1 /* MultplicationView.swift */,
				BD309AE52A89A70100B698D1 /* DivisionView.swift */,
			);
			path = Views;
			sourceTree = "<group>";
		};
		BD12E9CA2A7AC4A000D60BD2 /* Models */ = {
			isa = PBXGroup;
			children = (
				BD12E9D32A7ACB6100D60BD2 /* NumberText.swift */,
				BD309ADD2A8973DA00B698D1 /* Operation.swift */,
				BD309ADF2A897B9D00B698D1 /* ButtonOutput.swift */,
			);
			path = Models;
			sourceTree = "<group>";
		};
/* End PBXGroup section */

/* Begin PBXNativeTarget section */
		BD12E99B2A7ABFFD00D60BD2 /* calculator */ = {
			isa = PBXNativeTarget;
			buildConfigurationList = BD12E9C02A7ABFFE00D60BD2 /* Build configuration list for PBXNativeTarget "calculator" */;
			buildPhases = (
				BD12E9982A7ABFFD00D60BD2 /* Sources */,
				BD12E9992A7ABFFD00D60BD2 /* Frameworks */,
				BD12E99A2A7ABFFD00D60BD2 /* Resources */,
			);
			buildRules = (
			);
			dependencies = (
			);
			name = calculator;
			productName = calculator;
			productReference = BD12E99C2A7ABFFD00D60BD2 /* calculator.app */;
			productType = "com.apple.product-type.application";
		};
		BD12E9AB2A7ABFFE00D60BD2 /* calculatorTests */ = {
			isa = PBXNativeTarget;
			buildConfigurationList = BD12E9C32A7ABFFE00D60BD2 /* Build configuration list for PBXNativeTarget "calculatorTests" */;
			buildPhases = (
				BD12E9A82A7ABFFE00D60BD2 /* Sources */,
				BD12E9A92A7ABFFE00D60BD2 /* Frameworks */,
				BD12E9AA2A7ABFFE00D60BD2 /* Resources */,
			);
			buildRules = (
			);
			dependencies = (
				BD12E9AE2A7ABFFE00D60BD2 /* PBXTargetDependency */,
			);
			name = calculatorTests;
			productName = calculatorTests;
			productReference = BD12E9AC2A7ABFFE00D60BD2 /* calculatorTests.xctest */;
			productType = "com.apple.product-type.bundle.unit-test";
		};
		BD12E9B52A7ABFFE00D60BD2 /* calculatorUITests */ = {
			isa = PBXNativeTarget;
			buildConfigurationList = BD12E9C62A7ABFFE00D60BD2 /* Build configuration list for PBXNativeTarget "calculatorUITests" */;
			buildPhases = (
				BD12E9B22A7ABFFE00D60BD2 /* Sources */,
				BD12E9B32A7ABFFE00D60BD2 /* Frameworks */,
				BD12E9B42A7ABFFE00D60BD2 /* Resources */,
			);
			buildRules = (
			);
			dependencies = (
				BD12E9B82A7ABFFE00D60BD2 /* PBXTargetDependency */,
			);
			name = calculatorUITests;
			productName = calculatorUITests;
			productReference = BD12E9B62A7ABFFE00D60BD2 /* calculatorUITests.xctest */;
			productType = "com.apple.product-type.bundle.ui-testing";
		};
/* End PBXNativeTarget section */

/* Begin PBXProject section */
		BD12E9942A7ABFFD00D60BD2 /* Project object */ = {
			isa = PBXProject;
			attributes = {
				BuildIndependentTargetsInParallel = 1;
				LastSwiftUpdateCheck = 1430;
				LastUpgradeCheck = 1430;
				TargetAttributes = {
					BD12E99B2A7ABFFD00D60BD2 = {
						CreatedOnToolsVersion = 14.3.1;
					};
					BD12E9AB2A7ABFFE00D60BD2 = {
						CreatedOnToolsVersion = 14.3.1;
						TestTargetID = BD12E99B2A7ABFFD00D60BD2;
					};
					BD12E9B52A7ABFFE00D60BD2 = {
						CreatedOnToolsVersion = 14.3.1;
						TestTargetID = BD12E99B2A7ABFFD00D60BD2;
					};
				};
			};
			buildConfigurationList = BD12E9972A7ABFFD00D60BD2 /* Build configuration list for PBXProject "calculator" */;
			compatibilityVersion = "Xcode 14.0";
			developmentRegion = en;
			hasScannedForEncodings = 0;
			knownRegions = (
				en,
				Base,
			);
			mainGroup = BD12E9932A7ABFFD00D60BD2;
			productRefGroup = BD12E99D2A7ABFFD00D60BD2 /* Products */;
			projectDirPath = "";
			projectRoot = "";
			targets = (
				BD12E99B2A7ABFFD00D60BD2 /* calculator */,
				BD12E9AB2A7ABFFE00D60BD2 /* calculatorTests */,
				BD12E9B52A7ABFFE00D60BD2 /* calculatorUITests */,
			);
		};
/* End PBXProject section */

/* Begin PBXResourcesBuildPhase section */
		BD12E99A2A7ABFFD00D60BD2 /* Resources */ = {
			isa = PBXResourcesBuildPhase;
			buildActionMask = 2147483647;
			files = (
				BD12E9A72A7ABFFE00D60BD2 /* Preview Assets.xcassets in Resources */,
				BD12E9A42A7ABFFE00D60BD2 /* Assets.xcassets in Resources */,
			);
			runOnlyForDeploymentPostprocessing = 0;
		};
		BD12E9AA2A7ABFFE00D60BD2 /* Resources */ = {
			isa = PBXResourcesBuildPhase;
			buildActionMask = 2147483647;
			files = (
			);
			runOnlyForDeploymentPostprocessing = 0;
		};
		BD12E9B42A7ABFFE00D60BD2 /* Resources */ = {
			isa = PBXResourcesBuildPhase;
			buildActionMask = 2147483647;
			files = (
			);
			runOnlyForDeploymentPostprocessing = 0;
		};
/* End PBXResourcesBuildPhase section */

/* Begin PBXSourcesBuildPhase section */
		BD12E9982A7ABFFD00D60BD2 /* Sources */ = {
			isa = PBXSourcesBuildPhase;
			buildActionMask = 2147483647;
			files = (
				BD309AE02A897B9D00B698D1 /* ButtonOutput.swift in Sources */,
				BD309ADE2A8973DA00B698D1 /* Operation.swift in Sources */,
				BD12E9A22A7ABFFD00D60BD2 /* MainView.swift in Sources */,
				BD12E9A02A7ABFFD00D60BD2 /* calculatorApp.swift in Sources */,
				BD309AD82A895AF700B698D1 /* SubtractButtonView.swift in Sources */,
				BD309ADA2A89649C00B698D1 /* EqualButtonView.swift in Sources */,
				BD309AE22A897DA600B698D1 /* CButtonView.swift in Sources */,
				BD309AE62A89A70100B698D1 /* DivisionView.swift in Sources */,
				BD309AE42A89A5A500B698D1 /* MultplicationView.swift in Sources */,
				BD12E9D62A7B0EB400D60BD2 /* ClearButtonView.swift in Sources */,
				BD12E9D42A7ACB6100D60BD2 /* NumberText.swift in Sources */,
				BD8931942A81BA2E00F4F829 /* PlusButtonView.swift in Sources */,
				BD12E9D22A7AC98700D60BD2 /* ButtonView.swift in Sources */,
				BD12E9CC2A7AC4F100D60BD2 /* ButtonsView.swift in Sources */,
			);
			runOnlyForDeploymentPostprocessing = 0;
		};
		BD12E9A82A7ABFFE00D60BD2 /* Sources */ = {
			isa = PBXSourcesBuildPhase;
			buildActionMask = 2147483647;
			files = (
				BD12E9B12A7ABFFE00D60BD2 /* calculatorTests.swift in Sources */,
			);
			runOnlyForDeploymentPostprocessing = 0;
		};
		BD12E9B22A7ABFFE00D60BD2 /* Sources */ = {
			isa = PBXSourcesBuildPhase;
			buildActionMask = 2147483647;
			files = (
				BD12E9BD2A7ABFFE00D60BD2 /* calculatorUITestsLaunchTests.swift in Sources */,
				BD12E9BB2A7ABFFE00D60BD2 /* calculatorUITests.swift in Sources */,
			);
			runOnlyForDeploymentPostprocessing = 0;
		};
/* End PBXSourcesBuildPhase section */

/* Begin PBXTargetDependency section */
		BD12E9AE2A7ABFFE00D60BD2 /* PBXTargetDependency */ = {
			isa = PBXTargetDependency;
			target = BD12E99B2A7ABFFD00D60BD2 /* calculator */;
			targetProxy = BD12E9AD2A7ABFFE00D60BD2 /* PBXContainerItemProxy */;
		};
		BD12E9B82A7ABFFE00D60BD2 /* PBXTargetDependency */ = {
			isa = PBXTargetDependency;
			target = BD12E99B2A7ABFFD00D60BD2 /* calculator */;
			targetProxy = BD12E9B72A7ABFFE00D60BD2 /* PBXContainerItemProxy */;
		};
/* End PBXTargetDependency section */

/* Begin XCBuildConfiguration section */
		BD12E9BE2A7ABFFE00D60BD2 /* Debug */ = {
			isa = XCBuildConfiguration;
			buildSettings = {
				ALWAYS_SEARCH_USER_PATHS = NO;
				CLANG_ANALYZER_NONNULL = YES;
				CLANG_ANALYZER_NUMBER_OBJECT_CONVERSION = YES_AGGRESSIVE;
				CLANG_CXX_LANGUAGE_STANDARD = "gnu++20";
				CLANG_ENABLE_MODULES = YES;
				CLANG_ENABLE_OBJC_ARC = YES;
				CLANG_ENABLE_OBJC_WEAK = YES;
				CLANG_WARN_BLOCK_CAPTURE_AUTORELEASING = YES;
				CLANG_WARN_BOOL_CONVERSION = YES;
				CLANG_WARN_COMMA = YES;
				CLANG_WARN_CONSTANT_CONVERSION = YES;
				CLANG_WARN_DEPRECATED_OBJC_IMPLEMENTATIONS = YES;
				CLANG_WARN_DIRECT_OBJC_ISA_USAGE = YES_ERROR;
				CLANG_WARN_DOCUMENTATION_COMMENTS = YES;
				CLANG_WARN_EMPTY_BODY = YES;
				CLANG_WARN_ENUM_CONVERSION = YES;
				CLANG_WARN_INFINITE_RECURSION = YES;
				CLANG_WARN_INT_CONVERSION = YES;
				CLANG_WARN_NON_LITERAL_NULL_CONVERSION = YES;
				CLANG_WARN_OBJC_IMPLICIT_RETAIN_SELF = YES;
				CLANG_WARN_OBJC_LITERAL_CONVERSION = YES;
				CLANG_WARN_OBJC_ROOT_CLASS = YES_ERROR;
				CLANG_WARN_QUOTED_INCLUDE_IN_FRAMEWORK_HEADER = YES;
				CLANG_WARN_RANGE_LOOP_ANALYSIS = YES;
				CLANG_WARN_STRICT_PROTOTYPES = YES;
				CLANG_WARN_SUSPICIOUS_MOVE = YES;
				CLANG_WARN_UNGUARDED_AVAILABILITY = YES_AGGRESSIVE;
				CLANG_WARN_UNREACHABLE_CODE = YES;
				CLANG_WARN__DUPLICATE_METHOD_MATCH = YES;
				COPY_PHASE_STRIP = NO;
				DEBUG_INFORMATION_FORMAT = dwarf;
				ENABLE_STRICT_OBJC_MSGSEND = YES;
				ENABLE_TESTABILITY = YES;
				GCC_C_LANGUAGE_STANDARD = gnu11;
				GCC_DYNAMIC_NO_PIC = NO;
				GCC_NO_COMMON_BLOCKS = YES;
				GCC_OPTIMIZATION_LEVEL = 0;
				GCC_PREPROCESSOR_DEFINITIONS = (
					"DEBUG=1",
					"$(inherited)",
				);
				GCC_WARN_64_TO_32_BIT_CONVERSION = YES;
				GCC_WARN_ABOUT_RETURN_TYPE = YES_ERROR;
				GCC_WARN_UNDECLARED_SELECTOR = YES;
				GCC_WARN_UNINITIALIZED_AUTOS = YES_AGGRESSIVE;
				GCC_WARN_UNUSED_FUNCTION = YES;
				GCC_WARN_UNUSED_VARIABLE = YES;
				IPHONEOS_DEPLOYMENT_TARGET = 16.4;
				MTL_ENABLE_DEBUG_INFO = INCLUDE_SOURCE;
				MTL_FAST_MATH = YES;
				ONLY_ACTIVE_ARCH = YES;
				SDKROOT = iphoneos;
				SWIFT_ACTIVE_COMPILATION_CONDITIONS = DEBUG;
				SWIFT_OPTIMIZATION_LEVEL = "-Onone";
			};
			name = Debug;
		};
		BD12E9BF2A7ABFFE00D60BD2 /* Release */ = {
			isa = XCBuildConfiguration;
			buildSettings = {
				ALWAYS_SEARCH_USER_PATHS = NO;
				CLANG_ANALYZER_NONNULL = YES;
				CLANG_ANALYZER_NUMBER_OBJECT_CONVERSION = YES_AGGRESSIVE;
				CLANG_CXX_LANGUAGE_STANDARD = "gnu++20";
				CLANG_ENABLE_MODULES = YES;
				CLANG_ENABLE_OBJC_ARC = YES;
				CLANG_ENABLE_OBJC_WEAK = YES;
				CLANG_WARN_BLOCK_CAPTURE_AUTORELEASING = YES;
				CLANG_WARN_BOOL_CONVERSION = YES;
				CLANG_WARN_COMMA = YES;
				CLANG_WARN_CONSTANT_CONVERSION = YES;
				CLANG_WARN_DEPRECATED_OBJC_IMPLEMENTATIONS = YES;
				CLANG_WARN_DIRECT_OBJC_ISA_USAGE = YES_ERROR;
				CLANG_WARN_DOCUMENTATION_COMMENTS = YES;
				CLANG_WARN_EMPTY_BODY = YES;
				CLANG_WARN_ENUM_CONVERSION = YES;
				CLANG_WARN_INFINITE_RECURSION = YES;
				CLANG_WARN_INT_CONVERSION = YES;
				CLANG_WARN_NON_LITERAL_NULL_CONVERSION = YES;
				CLANG_WARN_OBJC_IMPLICIT_RETAIN_SELF = YES;
				CLANG_WARN_OBJC_LITERAL_CONVERSION = YES;
				CLANG_WARN_OBJC_ROOT_CLASS = YES_ERROR;
				CLANG_WARN_QUOTED_INCLUDE_IN_FRAMEWORK_HEADER = YES;
				CLANG_WARN_RANGE_LOOP_ANALYSIS = YES;
				CLANG_WARN_STRICT_PROTOTYPES = YES;
				CLANG_WARN_SUSPICIOUS_MOVE = YES;
				CLANG_WARN_UNGUARDED_AVAILABILITY = YES_AGGRESSIVE;
				CLANG_WARN_UNREACHABLE_CODE = YES;
				CLANG_WARN__DUPLICATE_METHOD_MATCH = YES;
				COPY_PHASE_STRIP = NO;
				DEBUG_INFORMATION_FORMAT = "dwarf-with-dsym";
				ENABLE_NS_ASSERTIONS = NO;
				ENABLE_STRICT_OBJC_MSGSEND = YES;
				GCC_C_LANGUAGE_STANDARD = gnu11;
				GCC_NO_COMMON_BLOCKS = YES;
				GCC_WARN_64_TO_32_BIT_CONVERSION = YES;
				GCC_WARN_ABOUT_RETURN_TYPE = YES_ERROR;
				GCC_WARN_UNDECLARED_SELECTOR = YES;
				GCC_WARN_UNINITIALIZED_AUTOS = YES_AGGRESSIVE;
				GCC_WARN_UNUSED_FUNCTION = YES;
				GCC_WARN_UNUSED_VARIABLE = YES;
				IPHONEOS_DEPLOYMENT_TARGET = 16.4;
				MTL_ENABLE_DEBUG_INFO = NO;
				MTL_FAST_MATH = YES;
				SDKROOT = iphoneos;
				SWIFT_COMPILATION_MODE = wholemodule;
				SWIFT_OPTIMIZATION_LEVEL = "-O";
				VALIDATE_PRODUCT = YES;
			};
			name = Release;
		};
		BD12E9C12A7ABFFE00D60BD2 /* Debug */ = {
			isa = XCBuildConfiguration;
			buildSettings = {
				ASSETCATALOG_COMPILER_APPICON_NAME = AppIcon;
				ASSETCATALOG_COMPILER_GLOBAL_ACCENT_COLOR_NAME = AccentColor;
				CODE_SIGN_STYLE = Automatic;
				CURRENT_PROJECT_VERSION = 1;
				DEVELOPMENT_ASSET_PATHS = "\"calculator/Preview Content\"";
				DEVELOPMENT_TEAM = VKHN2Y852W;
				ENABLE_PREVIEWS = YES;
				GENERATE_INFOPLIST_FILE = YES;
				INFOPLIST_KEY_UIApplicationSceneManifest_Generation = YES;
				INFOPLIST_KEY_UIApplicationSupportsIndirectInputEvents = YES;
				INFOPLIST_KEY_UILaunchScreen_Generation = YES;
				INFOPLIST_KEY_UISupportedInterfaceOrientations_iPad = "UIInterfaceOrientationPortrait UIInterfaceOrientationPortraitUpsideDown UIInterfaceOrientationLandscapeLeft UIInterfaceOrientationLandscapeRight";
				INFOPLIST_KEY_UISupportedInterfaceOrientations_iPhone = "UIInterfaceOrientationPortrait UIInterfaceOrientationLandscapeLeft UIInterfaceOrientationLandscapeRight";
				LD_RUNPATH_SEARCH_PATHS = (
					"$(inherited)",
					"@executable_path/Frameworks",
				);
				MARKETING_VERSION = 1.0;
				PRODUCT_BUNDLE_IDENTIFIER = cam.app.calculator;
				PRODUCT_NAME = "$(TARGET_NAME)";
				SWIFT_EMIT_LOC_STRINGS = YES;
				SWIFT_VERSION = 5.0;
				TARGETED_DEVICE_FAMILY = "1,2";
			};
			name = Debug;
		};
		BD12E9C22A7ABFFE00D60BD2 /* Release */ = {
			isa = XCBuildConfiguration;
			buildSettings = {
				ASSETCATALOG_COMPILER_APPICON_NAME = AppIcon;
				ASSETCATALOG_COMPILER_GLOBAL_ACCENT_COLOR_NAME = AccentColor;
				CODE_SIGN_STYLE = Automatic;
				CURRENT_PROJECT_VERSION = 1;
				DEVELOPMENT_ASSET_PATHS = "\"calculator/Preview Content\"";
				DEVELOPMENT_TEAM = VKHN2Y852W;
				ENABLE_PREVIEWS = YES;
				GENERATE_INFOPLIST_FILE = YES;
				INFOPLIST_KEY_UIApplicationSceneManifest_Generation = YES;
				INFOPLIST_KEY_UIApplicationSupportsIndirectInputEvents = YES;
				INFOPLIST_KEY_UILaunchScreen_Generation = YES;
				INFOPLIST_KEY_UISupportedInterfaceOrientations_iPad = "UIInterfaceOrientationPortrait UIInterfaceOrientationPortraitUpsideDown UIInterfaceOrientationLandscapeLeft UIInterfaceOrientationLandscapeRight";
				INFOPLIST_KEY_UISupportedInterfaceOrientations_iPhone = "UIInterfaceOrientationPortrait UIInterfaceOrientationLandscapeLeft UIInterfaceOrientationLandscapeRight";
				LD_RUNPATH_SEARCH_PATHS = (
					"$(inherited)",
					"@executable_path/Frameworks",
				);
				MARKETING_VERSION = 1.0;
				PRODUCT_BUNDLE_IDENTIFIER = cam.app.calculator;
				PRODUCT_NAME = "$(TARGET_NAME)";
				SWIFT_EMIT_LOC_STRINGS = YES;
				SWIFT_VERSION = 5.0;
				TARGETED_DEVICE_FAMILY = "1,2";
			};
			name = Release;
		};
		BD12E9C42A7ABFFE00D60BD2 /* Debug */ = {
			isa = XCBuildConfiguration;
			buildSettings = {
				ALWAYS_EMBED_SWIFT_STANDARD_LIBRARIES = YES;
				BUNDLE_LOADER = "$(TEST_HOST)";
				CODE_SIGN_STYLE = Automatic;
				CURRENT_PROJECT_VERSION = 1;
				DEVELOPMENT_TEAM = VKHN2Y852W;
				GENERATE_INFOPLIST_FILE = YES;
				IPHONEOS_DEPLOYMENT_TARGET = 16.4;
				MARKETING_VERSION = 1.0;
				PRODUCT_BUNDLE_IDENTIFIER = cam.app.calculatorTests;
				PRODUCT_NAME = "$(TARGET_NAME)";
				SWIFT_EMIT_LOC_STRINGS = NO;
				SWIFT_VERSION = 5.0;
				TARGETED_DEVICE_FAMILY = "1,2";
				TEST_HOST = "$(BUILT_PRODUCTS_DIR)/calculator.app/$(BUNDLE_EXECUTABLE_FOLDER_PATH)/calculator";
			};
			name = Debug;
		};
		BD12E9C52A7ABFFE00D60BD2 /* Release */ = {
			isa = XCBuildConfiguration;
			buildSettings = {
				ALWAYS_EMBED_SWIFT_STANDARD_LIBRARIES = YES;
				BUNDLE_LOADER = "$(TEST_HOST)";
				CODE_SIGN_STYLE = Automatic;
				CURRENT_PROJECT_VERSION = 1;
				DEVELOPMENT_TEAM = VKHN2Y852W;
				GENERATE_INFOPLIST_FILE = YES;
				IPHONEOS_DEPLOYMENT_TARGET = 16.4;
				MARKETING_VERSION = 1.0;
				PRODUCT_BUNDLE_IDENTIFIER = cam.app.calculatorTests;
				PRODUCT_NAME = "$(TARGET_NAME)";
				SWIFT_EMIT_LOC_STRINGS = NO;
				SWIFT_VERSION = 5.0;
				TARGETED_DEVICE_FAMILY = "1,2";
				TEST_HOST = "$(BUILT_PRODUCTS_DIR)/calculator.app/$(BUNDLE_EXECUTABLE_FOLDER_PATH)/calculator";
			};
			name = Release;
		};
		BD12E9C72A7ABFFE00D60BD2 /* Debug */ = {
			isa = XCBuildConfiguration;
			buildSettings = {
				ALWAYS_EMBED_SWIFT_STANDARD_LIBRARIES = YES;
				CODE_SIGN_STYLE = Automatic;
				CURRENT_PROJECT_VERSION = 1;
				DEVELOPMENT_TEAM = VKHN2Y852W;
				GENERATE_INFOPLIST_FILE = YES;
				MARKETING_VERSION = 1.0;
				PRODUCT_BUNDLE_IDENTIFIER = cam.app.calculatorUITests;
				PRODUCT_NAME = "$(TARGET_NAME)";
				SWIFT_EMIT_LOC_STRINGS = NO;
				SWIFT_VERSION = 5.0;
				TARGETED_DEVICE_FAMILY = "1,2";
				TEST_TARGET_NAME = calculator;
			};
			name = Debug;
		};
		BD12E9C82A7ABFFE00D60BD2 /* Release */ = {
			isa = XCBuildConfiguration;
			buildSettings = {
				ALWAYS_EMBED_SWIFT_STANDARD_LIBRARIES = YES;
				CODE_SIGN_STYLE = Automatic;
				CURRENT_PROJECT_VERSION = 1;
				DEVELOPMENT_TEAM = VKHN2Y852W;
				GENERATE_INFOPLIST_FILE = YES;
				MARKETING_VERSION = 1.0;
				PRODUCT_BUNDLE_IDENTIFIER = cam.app.calculatorUITests;
				PRODUCT_NAME = "$(TARGET_NAME)";
				SWIFT_EMIT_LOC_STRINGS = NO;
				SWIFT_VERSION = 5.0;
				TARGETED_DEVICE_FAMILY = "1,2";
				TEST_TARGET_NAME = calculator;
			};
			name = Release;
		};
/* End XCBuildConfiguration section */

/* Begin XCConfigurationList section */
		BD12E9972A7ABFFD00D60BD2 /* Build configuration list for PBXProject "calculator" */ = {
			isa = XCConfigurationList;
			buildConfigurations = (
				BD12E9BE2A7ABFFE00D60BD2 /* Debug */,
				BD12E9BF2A7ABFFE00D60BD2 /* Release */,
			);
			defaultConfigurationIsVisible = 0;
			defaultConfigurationName = Release;
		};
		BD12E9C02A7ABFFE00D60BD2 /* Build configuration list for PBXNativeTarget "calculator" */ = {
			isa = XCConfigurationList;
			buildConfigurations = (
				BD12E9C12A7ABFFE00D60BD2 /* Debug */,
				BD12E9C22A7ABFFE00D60BD2 /* Release */,
			);
			defaultConfigurationIsVisible = 0;
			defaultConfigurationName = Release;
		};
		BD12E9C32A7ABFFE00D60BD2 /* Build configuration list for PBXNativeTarget "calculatorTests" */ = {
			isa = XCConfigurationList;
			buildConfigurations = (
				BD12E9C42A7ABFFE00D60BD2 /* Debug */,
				BD12E9C52A7ABFFE00D60BD2 /* Release */,
			);
			defaultConfigurationIsVisible = 0;
			defaultConfigurationName = Release;
		};
		BD12E9C62A7ABFFE00D60BD2 /* Build configuration list for PBXNativeTarget "calculatorUITests" */ = {
			isa = XCConfigurationList;
			buildConfigurations = (
				BD12E9C72A7ABFFE00D60BD2 /* Debug */,
				BD12E9C82A7ABFFE00D60BD2 /* Release */,
			);
			defaultConfigurationIsVisible = 0;
			defaultConfigurationName = Release;
		};
/* End XCConfigurationList section */
	};
	rootObject = BD12E9942A7ABFFD00D60BD2 /* Project object */;
}
